
Microsoft Visual Studio Solution File, Format Version 12.00
# Visual Studio Version 16
VisualStudioVersion = 16.0.31829.152
MinimumVisualStudioVersion = 10.0.40219.1
Project("{FAE04EC0-301F-11D3-BF4B-00C04F79EFBC}") = "BrainStormer", "BrainStormer\BrainStormer.csproj", "{65D0E927-61D3-4970-BF10-EB42DB2DDAFB}"
EndProject
Global
	GlobalSection(SolutionConfigurationPlatforms) = preSolution
		Debug|Any CPU = Debug|Any CPU
		Release|Any CPU = Release|Any CPU
	EndGlobalSection
	GlobalSection(ProjectConfigurationPlatforms) = postSolution
		{65D0E927-61D3-4970-BF10-EB42DB2DDAFB}.Debug|Any CPU.ActiveCfg = Debug|Any CPU
		{65D0E927-61D3-4970-BF10-EB42DB2DDAFB}.Debug|Any CPU.Build.0 = Debug|Any CPU
		{65D0E927-61D3-4970-BF10-EB42DB2DDAFB}.Release|Any CPU.ActiveCfg = Release|Any CPU
		{65D0E927-61D3-4970-BF10-EB42DB2DDAFB}.Release|Any CPU.Build.0 = Release|Any CPU
	EndGlobalSection
	GlobalSection(SolutionProperties) = preSolution
		HideSolutionNode = FALSE
	EndGlobalSection
	GlobalSection(ExtensibilityGlobals) = postSolution
		SolutionGuid = {AF32A3A8-A9C8-4125-BCB2-F13588B859F8}
	EndGlobalSection
EndGlobal
